
Microsoft Visual Studio Solution File, Format Version 12.00
# Visual Studio Version 17
VisualStudioVersion = 17.10.34928.147
MinimumVisualStudioVersion = 10.0.40219.1
Project("{9A19103F-16F7-4668-BE54-9A1E7A4F7556}") = "AppLogin", "AppLogin.csproj", "{B4EAEC81-9C57-482D-84DF-23D41FD74DC2}"
EndProject
Project("{2150E333-8FDC-42A3-9474-1A3956D46DE8}") = "Validacion", "Validacion", "{428EC5C5-1297-4895-818C-531BB9408935}"
EndProject
Global
	GlobalSection(SolutionConfigurationPlatforms) = preSolution
		Debug|Any CPU = Debug|Any CPU
		Release|Any CPU = Release|Any CPU
	EndGlobalSection
	GlobalSection(ProjectConfigurationPlatforms) = postSolution
		{B4EAEC81-9C57-482D-84DF-23D41FD74DC2}.Debug|Any CPU.ActiveCfg = Debug|Any CPU
		{B4EAEC81-9C57-482D-84DF-23D41FD74DC2}.Debug|Any CPU.Build.0 = Debug|Any CPU
		{B4EAEC81-9C57-482D-84DF-23D41FD74DC2}.Release|Any CPU.ActiveCfg = Release|Any CPU
		{B4EAEC81-9C57-482D-84DF-23D41FD74DC2}.Release|Any CPU.Build.0 = Release|Any CPU
	EndGlobalSection
	GlobalSection(SolutionProperties) = preSolution
		HideSolutionNode = FALSE
	EndGlobalSection
	GlobalSection(ExtensibilityGlobals) = postSolution
		SolutionGuid = {9C19C771-70BF-4E6A-BD8E-612297F5E703}
	EndGlobalSection
EndGlobal
